
Microsoft Visual Studio Solution File, Format Version 12.00
# Visual Studio Version 16
VisualStudioVersion = 16.0.29728.190
MinimumVisualStudioVersion = 10.0.40219.1
Project("{FAE04EC0-301F-11D3-BF4B-00C04F79EFBC}") = "LongestSubstring", "LongestSubstring\LongestSubstring.csproj", "{868518C9-D05B-48D9-A6D5-491753324DF2}"
EndProject
Global
	GlobalSection(SolutionConfigurationPlatforms) = preSolution
		Debug|Any CPU = Debug|Any CPU
		Release|Any CPU = Release|Any CPU
	EndGlobalSection
	GlobalSection(ProjectConfigurationPlatforms) = postSolution
		{868518C9-D05B-48D9-A6D5-491753324DF2}.Debug|Any CPU.ActiveCfg = Debug|Any CPU
		{868518C9-D05B-48D9-A6D5-491753324DF2}.Debug|Any CPU.Build.0 = Debug|Any CPU
		{868518C9-D05B-48D9-A6D5-491753324DF2}.Release|Any CPU.ActiveCfg = Release|Any CPU
		{868518C9-D05B-48D9-A6D5-491753324DF2}.Release|Any CPU.Build.0 = Release|Any CPU
	EndGlobalSection
	GlobalSection(SolutionProperties) = preSolution
		HideSolutionNode = FALSE
	EndGlobalSection
	GlobalSection(ExtensibilityGlobals) = postSolution
		SolutionGuid = {FEA96217-2E76-46E3-8F97-65BEBC9C3126}
	EndGlobalSection
EndGlobal
